lockfileVersion: '9.0'

settings:
  autoInstallPeers: true
  excludeLinksFromLockfile: false

importers:

  .:
    dependencies:
      '@supabase/supabase-js':
        specifier: ^2.57.0
        version: 2.116.0
      '@vercel/blob':
        specifier: 2.8.0
        version: 2.8.0
      cheerio:
        specifier: 1.1.2
        version: 1.1.2
      next:
        specifier: 16.3.2
        version: 16.3.2(react-dom@19.2.8(react@19.2.8))(react@19.2.8)
      react:
        specifier: 19.2.8
        version: 19.2.8
      react-dom:
        specifier: 19.2.8
        version: 19.2.8(react@19.2.8)

packages:

  '@emnapi/runtime@1.11.3':
    resolution: {integrity: sha512-Xz4Tpyki7XyrpbUK1jR1AhdAdaXyhhY4lZ3neLodmhpuWfy2PAQN5B46sAiU4liOXGLkHypn/qU+jvfWSCYYLA==}

  '@img/colour@1.1.0':
    resolution: {integrity: sha512-Td76q7j57o/tLVdgS746cYARfSyxk8iEfRxewL9h4OMzYhbW4TAcppl0mT4eyqXddh6L/jwoM75mo7ixa/pCeQ==}
    engines: {node: '>=18'}

  '@img/sharp-darwin-arm64@0.35.4':
    resolution: {integrity: sha512-Uhfl4V4lhP2nbUVF9+hyH1+luj86f1gUFeo8ALYxFoULoU+G87D43BfeMP8XHsk9boxAnCY/bf2EHwhA7MuGsA==}
    engines: {node: '>=20.9.0'}
    cpu: [arm64]
    os: [darwin]

  '@img/sharp-darwin-x64@0.35.4':
    resolution: {integrity: sha512-hWniXY3bG5qKpkKrAwPe4y+VTPmf086YQAnkxWh7uA1YrlRouWGa0M0Mxj3ZjnXFkv7/TD1bTy9lGUK26vRvWw==}
    engines: {node: '>=20.9.0'}
    cpu: [x64]
    os: [darwin]

  '@img/sharp-freebsd-wasm32@0.35.4':
    resolution: {integrity: sha512-lIsKw/BU+kjB4eZjxrYrZmwOJYi3Ajrv66iAlBmUPyKc3HpnloevB1g3wxGD9P/5BbQ1brBGl65VRRrCvQDEqA==}
    engines: {node: '>=20.9.0'}
    os: [freebsd]

  '@img/sharp-libvips-darwin-arm64@1.3.3':
    resolution: {integrity: sha512-suTBPTDGrI9WodccaDdwZItTSaBYASlBk1NSfElSHrUfzu3szG6lvIF58+WiFvnfzuK8ZBFS5zE00PxqxnRiPg==}
    cpu: [arm64]
    os: [darwin]

  '@img/sharp-libvips-darwin-x64@1.3.3':
    resolution: {integrity: sha512-FVJZ5mITMobmXIz/hPDTw0EintTW5H3WfrxwLqEqjiIihlu+hVRyGrFQ60xl0Lxn7Bt3zdpevPaQi0HEzqz9fw==}
    cpu: [x64]
    os: [darwin]

  '@img/sharp-libvips-linux-arm64@1.3.3':
    resolution: {integrity: sha512-0DaL0A6Xu6sQSQFwe4iVCrKWU2cCTItnRsYsCdxAMm9NF6twAA9BKnoqy4hqz4+azQ0JHuA26qiUKsf1XJ/v5A==}
    cpu: [arm64]
    os: [linux]
    libc: [glibc]

  '@img/sharp-libvips-linux-arm@1.3.3':
    resolution: {integrity: sha512-3rbU4vqXXc3hY/OiXdl52xZvT0F1yEngWfvqudtPJg/KkyiaQw2DRsFrNzpmLvfavbwOq3qXn36GP8obHRULQA==}
    cpu: [arm]
    os: [linux]
    libc: [glibc]

  '@img/sharp-libvips-linux-ppc64@1.3.3':
    resolution: {integrity: sha512-cdn1OvUBwsXhbC0zSzJnNzf5MZ/mTrobawDvNXBTxe8VtqKAm0sRuEY2Evzovb/w9JMk4TvRxqt1mekSuJz64w==}
    cpu: [ppc64]
    os: [linux]
    libc: [glibc]

  '@img/sharp-libvips-linux-riscv64@1.3.3':
    resolution: {integrity: sha512-HjPVx7yKz+0lqdhDlTw1tt90wamBoxhiXpvl1XZpJLiHH4RCJ5yDTqH+VlYPv2fwFs89JFw4c1IexYOcQUi4IQ==}
    cpu: [riscv64]
    os: [linux]
    libc: [glibc]

  '@img/sharp-libvips-linux-s390x@1.3.3':
    resolution: {integrity: sha512-neWLh+3yCNThxnfy3c4BbVBeGgt9aftno+XbT56iK28RgeDs3UOFWviLWlUu0bArYVYJaFDK+RRohbicUNCm8Q==}
    cpu: [s390x]
    os: [linux]
    libc: [glibc]

  '@img/sharp-libvips-linux-x64@1.3.3':
    resolution: {integrity: sha512-4vKmvAst9nrowcqquKFAyZJUDolUaIp8uRiN0mWFguJ1IplC9/pitXtlnnlU4aa/eJw3J7i67V+pwUL+wZGdsA==}
    cpu: [x64]
    os: [linux]
    libc: [glibc]

  '@img/sharp-libvips-linuxmusl-arm64@1.3.3':
    resolution: {integrity: sha512-Y9kQaLMuNoB0bPYOOdcZMaseNrFpPodIWWMrx+CZyydf2xn68j9WYc6sWWRrDwNkzCQjKYfc68L7jKjGlHMibw==}
    cpu: [arm64]
    os: [linux]
    libc: [musl]

  '@img/sharp-libvips-linuxmusl-x64@1.3.3':
    resolution: {integrity: sha512-fj8Mv0HHfD1Rr+4I68+3agJynxDWtBFgicTbSOb9Bke6pIwzGcJ+RX/yHjmiEGFMCavY/dxvem7MyNaJF+wDiw==}
    cpu: [x64]
    os: [linux]
    libc: [musl]

  '@img/sharp-linux-arm64@0.35.4':
    resolution: {integrity: sha512-De4jpEnAU8Hd5oT0j1G3uL4ZvTuipVMn7YC6vPaJhy6/7EwEae0SVAoBrUMYQbkLGDm85taVWwuPc1a44LTzCQ==}
    engines: {node: '>=20.9.0'}
    cpu: [arm64]
    os: [linux]
    libc: [glibc]

  '@img/sharp-linux-arm@0.35.4':
    resolution: {integrity: sha512-7OAS8gI0EReKGVN2HssHlM6umJgxF5VI3xN0p9FA91p/YO+ou5hiNghLdZ5BEHztwaaK5+bLKRf8x/o2L2nk9A==}
    engines: {node: '>=20.9.0'}
    cpu: [arm]
    os: [linux]
    libc: [glibc]

  '@img/sharp-linux-ppc64@0.35.4':
    resolution: {integrity: sha512-2oYZJeIl4kCcMGk4ouZVjnkCtFrpQFlNEtJ6GbxzhHQchwH0NH/qEb9ykmOl29dqwMq+JhFdZn+1ak2FKhI9fQ==}
    engines: {node: '>=20.9.0'}
    cpu: [ppc64]
    os: [linux]
    libc: [glibc]

  '@img/sharp-linux-riscv64@0.35.4':
    resolution: {integrity: sha512-cPbNChoRURAWdebDIHSenxRpgEdy7JkPydSnUxRm9VvKD7m0/xVaR/8Fzlu81pk5nHEvHH87UZUA7cTtwnbJSA==}
    engines: {node: '>=20.9.0'}
    cpu: [riscv64]
    os: [linux]
    libc: [glibc]

  '@img/sharp-linux-s390x@0.35.4':
    resolution: {integrity: sha512-RY0JFY8Fd6RonCBtHz+DvadaPkXDSI1AUn6yWL9TipqkZ1vY8w8evqdgyDFnkm4/K1ve1TvZiaePP5oSd4+WVQ==}
    engines: {node: '>=20.9.0'}
    cpu: [s390x]
    os: [linux]
    libc: [glibc]

  '@img/sharp-linux-x64@0.35.4':
    resolution: {integrity: sha512-9qvvEAuk8k89TfWUoX2htWjbAMX8p+NxCppjpcg5k6xMsjhBQPTsoIh36h9Qde4WRuGpJeYnOjdosDn/cnv+OA==}
    engines: {node: '>=20.9.0'}
    cpu: [x64]
    os: [linux]
    libc: [glibc]

  '@img/sharp-linuxmusl-arm64@0.35.4':
    resolution: {integrity: sha512-KB5jxpfWQTr0nc3xdHtWChdbifHrBGsd2SM62Eyxrl8afikm+f5qGBU75SJIZBT/S1MC8XyacdlXBMSWq6OURA==}
    engines: {node: '>=20.9.0'}
    cpu: [arm64]
    os: [linux]
    libc: [musl]

  '@img/sharp-linuxmusl-x64@0.35.4':
    resolution: {integrity: sha512-f+eZJZIQNEEd26RPSW+76chwOf1XtA2Y/O+5ocVyLliHkeih3e+jhLVBdNTd2rS3IbNXK8+ug93Vf5ZXtF5Lxg==}
    engines: {node: '>=20.9.0'}
    cpu: [x64]
    os: [linux]
    libc: [musl]

  '@img/sharp-wasm32@0.35.4':
    resolution: {integrity: sha512-zQnl4Kwp7Q6NHsENtU2T/00Zi+w3AQNwz3+UaTyVBy2FpXrzXzGjndpK61onhZjRtRpQXxCTeqw19bVyXOh7jA==}
    engines: {node: '>=20.9.0'}

  '@img/sharp-webcontainers-wasm32@0.35.4':
    resolution: {integrity: sha512-ESfNkywmCfPNyaZjxooddJQiQ+l/nTpGEOGthxiLnIHXC/CmcBixnfwUleX9mCz9ovrUUvKMap/pm8RYbzfwaA==}
    engines: {node: '>=20.9.0'}
    cpu: [wasm32]

  '@img/sharp-win32-arm64@0.35.4':
    resolution: {integrity: sha512-iNdlBX9gLVvqe2I3uIJSIKTq6wckP/DYxZtcqxm09x5Gi24DnFBmPAWZmr60ZyYMG0xlzo6goG3670ar+RXvRw==}
    engines: {node: '>=20.9.0'}
    cpu: [arm64]
    os: [win32]

  '@img/sharp-win32-ia32@0.35.4':
    resolution: {integrity: sha512-kqRsbaa5CS6KHlpxnN7WhE6vAAugXyZButpRdvDWetlv6Qv4N9WTcrWzF7tXfB9T7MsoadqdI8hmwLq6UlLvtw==}
    engines: {node: ^20.9.0}
    cpu: [ia32]
    os: [win32]

  '@img/sharp-win32-x64@0.35.4':
    resolution: {integrity: sha512-XtmnYhBcrORsJ4XJngyzr/EWP0hRZLAZRFaApdKuviyqF78+ylxh2y06ZmtULAMOnObJ3ucpN0AcwSWnMowTRg==}
    engines: {node: '>=20.9.0'}
    cpu: [x64]
    os: [win32]

  '@next/env@16.3.2':
    resolution: {integrity: sha512-8k4YoG8cM7LWlkfzGNYCRBbFNlernLiMw4s0btVl+CmmWqn3VpYypA72/5Feb1UWdxe6tHqr5KHP4p4Y4m9luA==}

  '@next/swc-darwin-arm64@16.3.2':
    resolution: {integrity: sha512-ib5Llm93YCKoKWDh6ZaHq6QWTuOZ2bRkSnUwMmX8dsRIOkBNL1vVlSiUKSfixPL9SSh9pvukzqajk/klkn5vqg==}
    engines: {node: '>= 10'}
    cpu: [arm64]
    os: [darwin]

  '@next/swc-darwin-x64@16.3.2':
    resolution: {integrity: sha512-qd98fX2+I5nYJDioW2o7nSjoxM5KvWdeDefM80igia4+C/qSIEhH4MhTE+hO/7qKM7W37/Mq+dOWp8UePSyLHw==}
    engines: {node: '>= 10'}
    cpu: [x64]
    os: [darwin]

  '@next/swc-linux-arm64-gnu@16.3.2':
    resolution: {integrity: sha512-vqsgb6FAOzcrCccsLXiKtAy5t8EzO+uOazuFaSkQxeY0tNONG3vpHYy8pyBafcI5SNFPTeyard6yTr6SzNGo2A==}
    engines: {node: '>= 10'}
    cpu: [arm64]
    os: [linux]
    libc: [glibc]

  '@next/swc-linux-arm64-musl@16.3.2':
    resolution: {integrity: sha512-xIe1eujfHUB2XcxHGddxJyu6TJRPjC5NpIkQYB/32ESkt5VkQyIAjmLRS38c+s6QY+qjtY/4KarVDzXRuD7lZQ==}
    engines: {node: '>= 10'}
    cpu: [arm64]
    os: [linux]
    libc: [musl]

  '@next/swc-linux-x64-gnu@16.3.2':
    resolution: {integrity: sha512-Fe0SA2j8X0kmc3aveuHD7UktO3AE2+mH3LguP60vGbz7u0z+MrDXbeb5iZFYAwR7EzzzXJ2Yk966w9mGTFMqfA==}
    engines: {node: '>= 10'}
    cpu: [x64]
    os: [linux]
    libc: [glibc]

  '@next/swc-linux-x64-musl@16.3.2':
    resolution: {integrity: sha512-TFBipb+gyesI/2Ve4zVu7kGltBWN/R466G5/1gtt2lECfc22G1pjkTxu68Q9aFcOaXiRGTQfvDbQQFe7mYgxiQ==}
    engines: {node: '>= 10'}
    cpu: [x64]
    os: [linux]
    libc: [musl]

  '@next/swc-win32-arm64-msvc@16.3.2':
    resolution: {integrity: sha512-rVtmnNpBYIosDnKD/96dKxFsJnwnn1WRGG/HioSe8XCm2ksSHNrd2R6+hSjvTBxeMNhJ9pYeu/90cWB1nQLuNA==}
    engines: {node: '>= 10'}
    cpu: [arm64]
    os: [win32]

  '@next/swc-win32-x64-msvc@16.3.2':
    resolution: {integrity: sha512-H4Y2o2/JcHu8LtwzD5CXfHhwxwz8gfsx2HXDEw46Mtev5xHnEmB7HNtZtmriw5ReUOjRtcDqo7XSbU01FT9NlA==}
    engines: {node: '>= 10'}
    cpu: [x64]
    os: [win32]

  '@supabase/auth-js@2.116.0':
    resolution: {integrity: sha512-Cmosty12gyKGK9N3bQb+lMmuAFev5nmUzaR1AsmZHqKOAGzqX1VQzmp49CNPwOx/pw0H9Qqk4rs9yhwTlKpfDg==}
    engines: {node: '>=22.0.0'}

  '@supabase/functions-js@2.116.0':
    resolution: {integrity: sha512-E+VOc2QDcni/fySqkBFiZhnoB3SGydEdZgFI6/dEAGAHx6yEhB46TN9qb2wXs+E+RSzOBV0R6dasiSlw4xlZAA==}
    engines: {node: '>=22.0.0'}

  '@supabase/phoenix@0.4.5':
    resolution: {integrity: sha512-aAn9H9ovVyeApKy11OWOrrOGq8DV68yWeH4ud2lN9fzn4aO8Zb5GLL9m1pUg9nLqIcT+ZDfAcsZe0E/nqdv2lw==}

  '@supabase/postgrest-js@2.116.0':
    resolution: {integrity: sha512-kGpVZTDHxFTJS3tu+rU0iTAZ+4U0bcLVjxwCk8f3gRhjw3qdCZjTBlgYvc4kGH2XccmAzbkKwXL/mrNHMGSc+A==}
    engines: {node: '>=22.0.0'}

  '@supabase/realtime-js@2.116.0':
    resolution: {integrity: sha512-MHAnlXxi2s6yiJsZsQMfs2B3RFxeVfQWxerqYhIMqcCQV/FuY3LIeouPEkXw/ah7wUWMLYwempF9MOCUScyddg==}
    engines: {node: '>=22.0.0'}

  '@supabase/storage-js@2.116.0':
    resolution: {integrity: sha512-6/3hR6vccBP6oGM5B6RfbwZcTCKmQOodd/ZWQdsw8yJsU5zO/a//oBL6yLnmgxcjnHSrelW8rsO7hL5DPybyUQ==}
    engines: {node: '>=22.0.0'}

  '@supabase/supabase-js@2.116.0':
    resolution: {integrity: sha512-YyWmKXt2NspV9iO8FPnlswUFJIRnrLd3oTCb+3ZyYRuKZtBH0xCUDgnUqoyA0fGUxpM/UhfwDjYf/dht/9bp7g==}
    engines: {node: '>=22.0.0'}
    peerDependencies:
      '@opentelemetry/api': '>=1.0.0'
    peerDependenciesMeta:
      '@opentelemetry/api':
        optional: true

  '@swc/helpers@0.5.23':
    resolution: {integrity: sha512-5lSsMOTXURePglDfvuAQUqkGek9Hg2kksOYay2m0+XR++b2NWYL/4sWyuvVBIs8oKnJaxkdi9whaL/sqN13afw==}

  '@vercel/blob@2.8.0':
    resolution: {integrity: sha512-Nu+HWKpkgovCh/ezlG7wCVwF7RErTzLzZMbGKFBdGBCbTKyK+s5VXPLl+0+TpNEQPH8AVaGzOpIsXUOtkqylCQ==}
    engines: {node: '>=20.0.0'}

  '@vercel/cli-config@0.2.6':
    resolution: {integrity: sha512-2AsKCf6gE/Eniq09ARm1RK9rQMV5pcAHU7BFcR9MISO+4/RsjjkaYbQN6G85/xi9pYZ5CJNXvYn4TI6p1jKBcg==}

  '@vercel/cli-exec@1.0.1':
    resolution: {integrity: sha512-g9XerViJ/paZujufXYcu5XYI2vU2rtB4sgdpjUHde5RnOkdmpu0ngH46LCFGHoPXO/C+qDPSczIHIRN+8Q2YKQ==}
    engines: {node: '>= 18'}

  '@vercel/oidc@3.8.7':
    resolution: {integrity: sha512-fRu59npOu+1vsV570tiLKskfuRyOJ1MqceAkXbTIfWPnM+c9ve1tSK81oj4umKKirymlGUss3V60Lm5I38rKDw==}
    engines: {node: '>= 20'}

  async-retry@1.3.3:
    resolution: {integrity: sha512-wfr/jstw9xNi/0teMHrRW7dsz3Lt5ARhYNZ2ewpadnhaIp5mbALhOAP+EAdsC7t4Z6wqsDVv9+W6gm1Dk9mEyw==}

  baseline-browser-mapping@2.11.23:
    resolution: {integrity: sha512-le521dGVfxM7yRX0EikCoSz+rOK+hHzdDt/E7mG1jOJB/6WAAUuwVroLwaB7ApaUsz5Q0kFlDXLSA9MheUIfRQ==}
    engines: {node: '>=6.0.0'}
    hasBin: true

  boolbase@1.0.0:
    resolution: {integrity: sha512-JZOSA7Mo9sNGB8+UjSgzdLtokWAky1zbztM3WRLCbZ70/3cTANmQmOdR7y2g+J0e2WXywy1yS468tY+IruqEww==}

  caniuse-lite@1.0.30001810:
    resolution: {integrity: sha512-TITQPUkaz+aVk5GL6NhOdwk1aEaNTSDPsGFWrTuhKGtjTF70jL/Oht2W4c6rXUe5fu7Ie19VIahAXHIIiWWNeg==}

  cheerio-select@2.1.0:
    resolution: {integrity: sha512-9v9kG0LvzrlcungtnJtpGNxY+fzECQKhK4EGJX2vByejiMX84MFNQw4UxPJl3bFbTMw+Dfs37XaIkCwTZfLh4g==}

  cheerio@1.1.2:
    resolution: {integrity: sha512-IkxPpb5rS/d1IiLbHMgfPuS0FgiWTtFIm/Nj+2woXDLTZ7fOT2eqzgYbdMlLweqlHbsZjxEChoVK+7iph7jyQg==}
    engines: {node: '>=20.18.1'}

  client-only@0.0.1:
    resolution: {integrity: sha512-IV3Ou0jSMzZrd3pZ48nLkT9DA7Ag1pnPzaiQhpW7c3RbcqqzvzzVu+L8gfqMp/8IM2MQtSiqaCxrrcfu8I8rMA==}

  cross-spawn@7.0.6:
    resolution: {integrity: sha512-uV2QOWP2nWzsy2aMp8aRibhi9dlzF5Hgh5SHaB9OiTGEyDTiJJyx0uy51QXdyWbtAHNua4XJzUKca3OzKUd3vA==}
    engines: {node: '>= 8'}

  css-select@5.2.2:
    resolution: {integrity: sha512-TizTzUddG/xYLA3NXodFM0fSbNizXjOKhqiQQwvhlspadZokn1KDy0NZFS0wuEubIYAV5/c1/lAr0TaaFXEXzw==}

  css-what@6.2.2:
    resolution: {integrity: sha512-u/O3vwbptzhMs3L1fQE82ZSLHQQfto5gyZzwteVIEyeaY5Fc7R4dapF/BvRoSYFeqfBk4m0V1Vafq5Pjv25wvA==}
    engines: {node: '>= 6'}

  detect-libc@2.1.2:
    resolution: {integrity: sha512-Btj2BOOO83o3WyH59e8MgXsxEQVcarkUOpEYrubB0urwnN10yQ364rsiByU11nZlqWYZm05i/of7io4mzihBtQ==}
    engines: {node: '>=8'}

  dom-serializer@2.0.0:
    resolution: {integrity: sha512-wIkAryiqt/nV5EQKqQpo3SToSOV9J0DnbJqwK7Wv/Trc92zIAYZ4FlMu+JPFW1DfGFt81ZTCGgDEabffXeLyJg==}

  domelementtype@2.3.0:
    resolution: {integrity: sha512-OLETBj6w0OsagBwdXnPdN0cnMfF9opN69co+7ZrbfPGrdpPVNBUj02spi6B1N7wChLQiPn4CSH/zJvXw56gmHw==}

  domhandler@5.0.3:
    resolution: {integrity: sha512-cgwlv/1iFQiFnU96XXgROh8xTeetsnJiDsTc7TYCLFd9+/WNkIqPTxiM/8pSd8VIrhXGTf1Ny1q1hquVqDJB5w==}
    engines: {node: '>= 4'}

  domutils@3.2.2:
    resolution: {integrity: sha512-6kZKyUajlDuqlHKVX1w7gyslj9MPIXzIFiz/rGu35uC1wMi+kMhQwGhl4lt9unC9Vb9INnY9Z3/ZA3+FhASLaw==}

  encoding-sniffer@0.2.1:
    resolution: {integrity: sha512-5gvq20T6vfpekVtqrYQsSCFZ1wEg5+wW0/QaZMWkFr6BqD3NfKs0rLCx4rrVlSWJeZb5NBJgVLswK/w2MWU+Gw==}

  entities@4.5.0:
    resolution: {integrity: sha512-V0hjH4dGPh9Ao5p0MoRY6BVqtwCjhz6vI5LT8AJ55H+4g9/4vbHx1I54fS0XuclLhDHArPQCiMjDxjaL8fPxhw==}
    engines: {node: '>=0.12'}

  entities@6.0.1:
    resolution: {integrity: sha512-aN97NXWF6AWBTahfVOIrB/NShkzi5H7F9r1s9mD3cDj4Ko5f2qhhVoYMibXF7GlLveb/D2ioWay8lxI97Ven3g==}
    engines: {node: '>=0.12'}

  entities@7.0.1:
    resolution: {integrity: sha512-TWrgLOFUQTH994YUyl1yT4uyavY5nNB5muff+RtWaqNVCAK408b5ZnnbNAUEWLTCpum9w6arT70i1XdQ4UeOPA==}
    engines: {node: '>=0.12'}

  execa@5.1.1:
    resolution: {integrity: sha512-8uSpZZocAZRBAPIEINJj3Lo9HyGitllczc27Eh5YYojjMFMn8yHMDMaUHE2Jqfq05D/wucwI4JGURyXt1vchyg==}
    engines: {node: '>=10'}

  get-stream@6.0.1:
    resolution: {integrity: sha512-ts6Wi+2j3jQjqi70w5AlN8DFnkSwC+MqmxEzdEALB2qXZYV3X/b1CTfgPLGJNMeAWxdPfU8FO1ms3NUfaHCPYg==}
    engines: {node: '>=10'}

  htmlparser2@10.1.0:
    resolution: {integrity: sha512-VTZkM9GWRAtEpveh7MSF6SjjrpNVNNVJfFup7xTY3UpFtm67foy9HDVXneLtFVt4pMz5kZtgNcvCniNFb1hlEQ==}

  human-signals@2.1.0:
    resolution: {integrity: sha512-B4FFZ6q/T2jhhksgkbEW3HBvWIfDW85snkQgawt07S7J5QXTk6BkNV+0yAeZrM5QpMAdYlocGoljn0sJ/WQkFw==}
    engines: {node: '>=10.17.0'}

  iceberg-js@0.8.1:
    resolution: {integrity: sha512-1dhVQZXhcHje7798IVM+xoo/1ZdVfzOMIc8/rgVSijRK38EDqOJoGula9N/8ZI5RD8QTxNQtK/Gozpr+qUqRRA==}
    engines: {node: '>=20.0.0'}

  iconv-lite@0.6.3:
    resolution: {integrity: sha512-4fCk79wshMdzMp2rH06qWrJE4iolqLhCUH+OiuIgU++RB0+94NlDL81atO7GX55uUKueo0txHNtvEyI6D7WdMw==}
    engines: {node: '>=0.10.0'}

  is-buffer@2.0.5:
    resolution: {integrity: sha512-i2R6zNFDwgEHJyQUtJEk0XFi1i0dPFn/oqjK3/vPCcDeJvW5NQ83V8QbicfF1SupOaB0h8ntgBC2YiE7dfyctQ==}
    engines: {node: '>=4'}

  is-node-process@1.2.0:
    resolution: {integrity: sha512-Vg4o6/fqPxIjtxgUH5QLJhwZ7gW5diGCVlXpuUfELC62CuxM1iHcRe51f2W1FDy04Ai4KJkagKjx3XaqyfRKXw==}

  is-stream@2.0.1:
    resolution: {integrity: sha512-hFoiJiTl63nn+kstHGBtewWSKnQLpyb155KHheA1l39uvtO9nWIop1p3udqPcUd/xbF1VLMO4n7OI6p7RbngDg==}
    engines: {node: '>=8'}

  isexe@2.0.0:
    resolution: {integrity: sha512-RHxMLp9lnKHGHRng9QFhRCMbYAcVpn69smSGcq3f36xjgVVWThj4qqLbTLlq7Ssj8B+fIQ1EuCEGI2lKsyQeIw==}

  jose@5.10.0:
    resolution: {integrity: sha512-s+3Al/p9g32Iq+oqXxkW//7jk2Vig6FF1CFqzVXoTUXt2qz89YWbL+OwS17NFYEvxC35n0FKeGO2LGYSxeM2Gg==}

  merge-stream@2.0.0:
    resolution: {integrity: sha512-abv/qOcuPfk3URPfDzmZU1LKmuw8kT+0nIHvKrKgFrwifol/doWcdA4ZqsWQ8ENrFKkd67Mfpo/LovbIUsbt3w==}

  mimic-fn@2.1.0:
    resolution: {integrity: sha512-OqbOk5oEQeAZ8WXWydlu9HJjz9WVdEIvamMCcXmuqUYjTknH/sqsWvhQ3vgwKFRR1HpjvNBKQ37nbJgYzGqGcg==}
    engines: {node: '>=6'}

  nanoid@3.3.19:
    resolution: {integrity: sha512-Y2tUNy4ouw6tq5oDSKeQYGOyhkUBhNOcGV/02KC+6kd9eDGqdZd++mjMiIDilrBYvjEnCYvVtsuHCuP+okSfug==}
    engines: {node: ^10 || ^12 || ^13.7 || ^14 || >=15.0.1}
    hasBin: true

  next@16.3.2:
    resolution: {integrity: sha512-/ZCaubUy17Lld1SiPWxuPbCk2ihqAxF2QNQaPZeEaEb7t1I58qhsJN187D7AfpapHAqUPXH0f/thtdW9dWgWFg==}
    engines: {node: '>=20.9.0'}
    hasBin: true
    peerDependencies:
      '@opentelemetry/api': ^1.1.0
      '@playwright/test': ^1.51.1
      babel-plugin-react-compiler: '*'
      react: ^18.2.0 || 19.0.0-rc-de68d2f4-20241204 || ^19.0.0
      react-dom: ^18.2.0 || 19.0.0-rc-de68d2f4-20241204 || ^19.0.0
      sass: ^1.3.0
    peerDependenciesMeta:
      '@opentelemetry/api':
        optional: true
      '@playwright/test':
        optional: true
      babel-plugin-react-compiler:
        optional: true
      sass:
        optional: true

  npm-run-path@4.0.1:
    resolution: {integrity: sha512-S48WzZW777zhNIrn7gxOlISNAqi9ZC/uQFnRdbeIHhZhCA6UqpkOT8T1G7BvfdgP4Er8gF4sUbaS0i7QvIfCWw==}
    engines: {node: '>=8'}

  nth-check@2.1.1:
    resolution: {integrity: sha512-lqjrjmaOoAnWfMmBPL+XNnynZh2+swxiX3WUE0s4yEHI6m+AwrK2UZOimIRl3X/4QctVqS8AiZjFqyOGrMXb/w==}

  onetime@5.1.2:
    resolution: {integrity: sha512-kbpaSSGJTWdAY5KPVeMOKXSrPtr8C8C7wodJbcsd51jRnmD+GZu8Y0VoU6Dm5Z4vWr0Ig/1NKuWRKf7j5aaYSg==}
    engines: {node: '>=6'}

  os-paths@4.4.0:
    resolution: {integrity: sha512-wrAwOeXp1RRMFfQY8Sy7VaGVmPocaLwSFOYCGKSyo8qmJ+/yaafCl5BCA1IQZWqFSRBrKDYFeR9d/VyQzfH/jg==}
    engines: {node: '>= 6.0'}

  parse5-htmlparser2-tree-adapter@7.1.0:
    resolution: {integrity: sha512-ruw5xyKs6lrpo9x9rCZqZZnIUntICjQAd0Wsmp396Ul9lN/h+ifgVV1x1gZHi8euej6wTfpqX8j+BFQxF0NS/g==}

  parse5-parser-stream@7.1.2:
    resolution: {integrity: sha512-JyeQc9iwFLn5TbvvqACIF/VXG6abODeB3Fwmv/TGdLk2LfbWkaySGY72at4+Ty7EkPZj854u4CrICqNk2qIbow==}

  parse5@7.3.0:
    resolution: {integrity: sha512-IInvU7fabl34qmi9gY8XOVxhYyMyuH2xUNpb2q8/Y+7552KlejkRvqvD19nMoUW/uQGGbqNpA6Tufu5FL5BZgw==}

  path-key@3.1.1:
    resolution: {integrity: sha512-ojmeN0qd+y0jszEtoY48r0Peq5dwMEkIlCOu6Q5f41lfkswXuKtYrhgoTpLnyIcHm24Uhqx+5Tqm2InSwLhE6Q==}
    engines: {node: '>=8'}

  picocolors@1.1.1:
    resolution: {integrity: sha512-xceH2snhtb5M9liqDsmEw56le376mTZkEX/jEb/RxNFyegNul7eNslCXP9FDj/Lcu0X8KEyMceP2ntpaHrDEVA==}

  postcss@8.5.23:
    resolution: {integrity: sha512-g50586zr4bZmwFiTlflMu8E0bDTb5I5gertgwAKmsdUlTQIhZtunzUlD1WSzwcVWPoAVpsrA6vlfCD7oXvRwgg==}
    engines: {node: ^10 || ^12 || >=14}

  react-dom@19.2.8:
    resolution: {integrity: sha512-rVprimfGBG3DR+Tq0IQG2DT5PxKth1WIGDmj5yPmlzr4YBe7uyE+Du4oVqTDXZSHGGGXRtTJEGSSePyQCMBglQ==}
    peerDependencies:
      react: ^19.2.8

  react@19.2.8:
    resolution: {integrity: sha512-PWaYA1L/q9u2u7xYQi+Y3L3Yfnie7XyLeaJICV1MGD6LprsBxcAqGjYyr0eY3p+QdsA+x/Irkt4Qif8D63+Sbw==}
    engines: {node: '>=0.10.0'}

  retry@0.13.1:
    resolution: {integrity: sha512-XQBQ3I8W1Cge0Seh+6gjj03LbmRFWuoszgK9ooCpwYIrhhoO80pfq4cUkU5DkknwfOfFteRwlZ56PYOGYyFWdg==}
    engines: {node: '>= 4'}

  safer-buffer@2.1.2:
    resolution: {integrity: sha512-YZo3K82SD7Riyi0E1EQPojLz7kpepnSQI9IyPbHHg1XXXevb5dJI7tpyN2ADxGcQbHG7vcyRHk0cbwqcQriUtg==}

  scheduler@0.27.0:
    resolution: {integrity: sha512-eNv+WrVbKu1f3vbYJT/xtiF5syA5HPIMtf9IgY/nKg0sWqzAUEvqY/xm7OcZc/qafLx/iO9FgOmeSAp4v5ti/Q==}

  semver@7.8.5:
    resolution: {integrity: sha512-Y7/KDsb8LjooZpwaqGyulO6DQlksgCncchHGk+sZIY4SBvUocMBEFH5Ur1fI4dV+Jvl0w6cjvucaIi40puRioA==}
    engines: {node: '>=10'}
    hasBin: true

  sharp@0.35.4:
    resolution: {integrity: sha512-n++8XWcj+jCOr2IOl7h8LbKnGBDY4aPbmprMONBNFdn0ImXqpGVv5zliDs0V9HbmbCQLpbuo2ej9rAoOQTvMDA==}
    engines: {node: '>=20.9.0'}
    peerDependencies:
      '@types/node': '*'
    peerDependenciesMeta:
      '@types/node':
        optional: true

  shebang-command@2.0.0:
    resolution: {integrity: sha512-kHxr2zZpYtdmrN1qDjrrX/Z1rR1kG8Dx+gkpK1G4eXmvXswmcE1hTWBWYUzlraYw1/yZp6YuDY77YtvbN0dmDA==}
    engines: {node: '>=8'}

  shebang-regex@3.0.0:
    resolution: {integrity: sha512-7++dFhtcx3353uBaq8DDR4NuxBetBzC7ZQOhmTQInHEd6bSrXdiEyzCvG07Z44UYdLShWUyXt5M/yhz8ekcb1A==}
    engines: {node: '>=8'}

  signal-exit@3.0.7:
    resolution: {integrity: sha512-wnD2ZE+l+SPC/uoS0vXeE9L1+0wuaMqKlfz9AMUo38JsyLSBWSFcHR1Rri62LZc12vLr1gb3jl7iwQhgwpAbGQ==}

  source-map-js@1.2.1:
    resolution: {integrity: sha512-UXWMKhLOwVKb728IUtQPXxfYU+usdybtUrK/8uGE8CQMvrhOpwvzDBwj0QhSL7MQc7vIsISBG8VQ8+IDQxpfQA==}
    engines: {node: '>=0.10.0'}

  strip-final-newline@2.0.0:
    resolution: {integrity: sha512-BrpvfNAE3dcvq7ll3xVumzjKjZQ5tI1sEUIKr3Uoks0XUl45St3FlatVqef9prk4jRDzhW6WZg+3bk93y6pLjA==}
    engines: {node: '>=6'}

  styled-jsx@5.1.6:
    resolution: {integrity: sha512-qSVyDTeMotdvQYoHWLNGwRFJHC+i+ZvdBRYosOFgC+Wg1vx4frN2/RG/NA7SYqqvKNLf39P2LSRA2pu6n0XYZA==}
    engines: {node: '>= 12.0.0'}
    peerDependencies:
      '@babel/core': '*'
      babel-plugin-macros: '*'
      react: '>= 16.8.0 || 17.x.x || ^18.0.0-0 || ^19.0.0-0'
    peerDependenciesMeta:
      '@babel/core':
        optional: true
      babel-plugin-macros:
        optional: true

  throttleit@2.1.0:
    resolution: {integrity: sha512-nt6AMGKW1p/70DF/hGBdJB57B8Tspmbp5gfJ8ilhLnt7kkr2ye7hzD6NVG8GGErk2HWF34igrL2CXmNIkzKqKw==}
    engines: {node: '>=18'}

  tslib@2.8.1:
    resolution: {integrity: sha512-oJFu94HQb+KVduSUQL7wnpmqnfmLsOA/nAh6b6EH0wCEoK0/mPeXU6c3wKDV83MkOuHPRHtSXKKU99IBazS/2w==}

  undici@6.28.1:
    resolution: {integrity: sha512-zWpdTVD54H48CIybL0rWQ3ukpb9d23wM7eH5RtfdmeP70cWHNjtfo7P4vZX+5CoDcO53J4Pu5uXp7lNfjc6DRA==}
    engines: {node: '>=18.17'}

  undici@7.29.1:
    resolution: {integrity: sha512-RYONW2MeafgYlkVOKYKkA/Ag7BmXqgIWCa8t1m0JcxrQg9pI9lEqRhAOruOBCbAohOa/gkCF+iPi9hrgvTzu6Q==}
    engines: {node: '>=20.18.1'}

  whatwg-encoding@3.1.1:
    resolution: {integrity: sha512-6qN4hJdMwfYBtE3YBTTHhoeuUrDBPZmbQaxWAqSALV/MeEnR5z1xd8UKud2RAkFoPkmB+hli1TZSnyi84xz1vQ==}
    engines: {node: '>=18'}
    deprecated: Use @exodus/bytes instead for a more spec-conformant and faster implementation

  whatwg-mimetype@4.0.0:
    resolution: {integrity: sha512-QaKxh0eNIi2mE9p2vEdzfagOKHCcj1pJ56EEHGQOVxp8r9/iszLUUV7v89x9O1p/T+NlTM5W7jW6+cz4Fq1YVg==}
    engines: {node: '>=18'}

  which@2.0.2:
    resolution: {integrity: sha512-BLI3Tl1TW3Pvl70l3yq3Y64i+awpwXqsGBYWkkqMtnbXgrMD+yj7rhW0kuEDxzJaYXGjEW5ogapKNMEKNMjibA==}
    engines: {node: '>= 8'}
    hasBin: true

  xdg-app-paths@5.5.1:
    resolution: {integrity: sha512-hI3flOB4PLZIy5prbtTpirobtPE2ZtZ52szO+2mM9Efp6ErM398La+C1lIpNWDfNoQk+6Lsi6nMcCwVB7pxeMQ==}
    engines: {node: '>= 6.0'}

  xdg-portable@7.3.0:
    resolution: {integrity: sha512-sqMMuL1rc0FmMBOzCpd0yuy9trqF2yTTVe+E9ogwCSWQCdDEtQUwrZPT6AxqtsFGRNxycgncbP/xmOOSPw5ZUw==}
    engines: {node: '>= 6.0'}

  zod@4.1.11:
    resolution: {integrity: sha512-WPsqwxITS2tzx1bzhIKsEs19ABD5vmCVa4xBo2tq/SrV4RNZtfws1EnCWQXM6yh8bD08a1idvkB5MZSBiZsjwg==}

snapshots:

  '@emnapi/runtime@1.11.3':
    dependencies:
      tslib: 2.8.1
    optional: true

  '@img/colour@1.1.0':
    optional: true

  '@img/sharp-darwin-arm64@0.35.4':
    optionalDependencies:
      '@img/sharp-libvips-darwin-arm64': 1.3.3
    optional: true

  '@img/sharp-darwin-x64@0.35.4':
    optionalDependencies:
      '@img/sharp-libvips-darwin-x64': 1.3.3
    optional: true

  '@img/sharp-freebsd-wasm32@0.35.4':
    dependencies:
      '@img/sharp-wasm32': 0.35.4
    optional: true

  '@img/sharp-libvips-darwin-arm64@1.3.3':
    optional: true

  '@img/sharp-libvips-darwin-x64@1.3.3':
    optional: true

  '@img/sharp-libvips-linux-arm64@1.3.3':
    optional: true

  '@img/sharp-libvips-linux-arm@1.3.3':
    optional: true

  '@img/sharp-libvips-linux-ppc64@1.3.3':
    optional: true

  '@img/sharp-libvips-linux-riscv64@1.3.3':
    optional: true

  '@img/sharp-libvips-linux-s390x@1.3.3':
    optional: true

  '@img/sharp-libvips-linux-x64@1.3.3':
    optional: true

  '@img/sharp-libvips-linuxmusl-arm64@1.3.3':
    optional: true

  '@img/sharp-libvips-linuxmusl-x64@1.3.3':
    optional: true

  '@img/sharp-linux-arm64@0.35.4':
    optionalDependencies:
      '@img/sharp-libvips-linux-arm64': 1.3.3
    optional: true

  '@img/sharp-linux-arm@0.35.4':
    optionalDependencies:
      '@img/sharp-libvips-linux-arm': 1.3.3
    optional: true

  '@img/sharp-linux-ppc64@0.35.4':
    optionalDependencies:
      '@img/sharp-libvips-linux-ppc64': 1.3.3
    optional: true

  '@img/sharp-linux-riscv64@0.35.4':
    optionalDependencies:
      '@img/sharp-libvips-linux-riscv64': 1.3.3
    optional: true

  '@img/sharp-linux-s390x@0.35.4':
    optionalDependencies:
      '@img/sharp-libvips-linux-s390x': 1.3.3
    optional: true

  '@img/sharp-linux-x64@0.35.4':
    optionalDependencies:
      '@img/sharp-libvips-linux-x64': 1.3.3
    optional: true

  '@img/sharp-linuxmusl-arm64@0.35.4':
    optionalDependencies:
      '@img/sharp-libvips-linuxmusl-arm64': 1.3.3
    optional: true

  '@img/sharp-linuxmusl-x64@0.35.4':
    optionalDependencies:
      '@img/sharp-libvips-linuxmusl-x64': 1.3.3
    optional: true

  '@img/sharp-wasm32@0.35.4':
    dependencies:
      '@emnapi/runtime': 1.11.3
    optional: true

  '@img/sharp-webcontainers-wasm32@0.35.4':
    dependencies:
      '@img/sharp-wasm32': 0.35.4
    optional: true

  '@img/sharp-win32-arm64@0.35.4':
    optional: true

  '@img/sharp-win32-ia32@0.35.4':
    optional: true

  '@img/sharp-win32-x64@0.35.4':
    optional: true

  '@next/env@16.3.2': {}

  '@next/swc-darwin-arm64@16.3.2':
    optional: true

  '@next/swc-darwin-x64@16.3.2':
    optional: true

  '@next/swc-linux-arm64-gnu@16.3.2':
    optional: true

  '@next/swc-linux-arm64-musl@16.3.2':
    optional: true

  '@next/swc-linux-x64-gnu@16.3.2':
    optional: true

  '@next/swc-linux-x64-musl@16.3.2':
    optional: true

  '@next/swc-win32-arm64-msvc@16.3.2':
    optional: true

  '@next/swc-win32-x64-msvc@16.3.2':
    optional: true

  '@supabase/auth-js@2.116.0':
    dependencies:
      tslib: 2.8.1

  '@supabase/functions-js@2.116.0':
    dependencies:
      tslib: 2.8.1

  '@supabase/phoenix@0.4.5': {}

  '@supabase/postgrest-js@2.116.0':
    dependencies:
      tslib: 2.8.1

  '@supabase/realtime-js@2.116.0':
    dependencies:
      '@supabase/phoenix': 0.4.5
      tslib: 2.8.1

  '@supabase/storage-js@2.116.0':
    dependencies:
      iceberg-js: 0.8.1
      tslib: 2.8.1

  '@supabase/supabase-js@2.116.0':
    dependencies:
      '@supabase/auth-js': 2.116.0
      '@supabase/functions-js': 2.116.0
      '@supabase/postgrest-js': 2.116.0
      '@supabase/realtime-js': 2.116.0
      '@supabase/storage-js': 2.116.0

  '@swc/helpers@0.5.23':
    dependencies:
      tslib: 2.8.1

  '@vercel/blob@2.8.0':
    dependencies:
      '@vercel/oidc': 3.8.7
      async-retry: 1.3.3
      is-buffer: 2.0.5
      is-node-process: 1.2.0
      throttleit: 2.1.0
      undici: 6.28.1

  '@vercel/cli-config@0.2.6':
    dependencies:
      xdg-app-paths: 5.5.1
      zod: 4.1.11

  '@vercel/cli-exec@1.0.1':
    dependencies:
      execa: 5.1.1

  '@vercel/oidc@3.8.7':
    dependencies:
      '@vercel/cli-config': 0.2.6
      '@vercel/cli-exec': 1.0.1
      jose: 5.10.0

  async-retry@1.3.3:
    dependencies:
      retry: 0.13.1

  baseline-browser-mapping@2.11.23: {}

  boolbase@1.0.0: {}

  caniuse-lite@1.0.30001810: {}

  cheerio-select@2.1.0:
    dependencies:
      boolbase: 1.0.0
      css-select: 5.2.2
      css-what: 6.2.2
      domelementtype: 2.3.0
      domhandler: 5.0.3
      domutils: 3.2.2

  cheerio@1.1.2:
    dependencies:
      cheerio-select: 2.1.0
      dom-serializer: 2.0.0
      domhandler: 5.0.3
      domutils: 3.2.2
      encoding-sniffer: 0.2.1
      htmlparser2: 10.1.0
      parse5: 7.3.0
      parse5-htmlparser2-tree-adapter: 7.1.0
      parse5-parser-stream: 7.1.2
      undici: 7.29.1
      whatwg-mimetype: 4.0.0

  client-only@0.0.1: {}

  cross-spawn@7.0.6:
    dependencies:
      path-key: 3.1.1
      shebang-command: 2.0.0
      which: 2.0.2

  css-select@5.2.2:
    dependencies:
      boolbase: 1.0.0
      css-what: 6.2.2
      domhandler: 5.0.3
      domutils: 3.2.2
      nth-check: 2.1.1

  css-what@6.2.2: {}

  detect-libc@2.1.2:
    optional: true

  dom-serializer@2.0.0:
    dependencies:
      domelementtype: 2.3.0
      domhandler: 5.0.3
      entities: 4.5.0

  domelementtype@2.3.0: {}

  domhandler@5.0.3:
    dependencies:
      domelementtype: 2.3.0

  domutils@3.2.2:
    dependencies:
      dom-serializer: 2.0.0
      domelementtype: 2.3.0
      domhandler: 5.0.3

  encoding-sniffer@0.2.1:
    dependencies:
      iconv-lite: 0.6.3
      whatwg-encoding: 3.1.1

  entities@4.5.0: {}

  entities@6.0.1: {}

  entities@7.0.1: {}

  execa@5.1.1:
    dependencies:
      cross-spawn: 7.0.6
      get-stream: 6.0.1
      human-signals: 2.1.0
      is-stream: 2.0.1
      merge-stream: 2.0.0
      npm-run-path: 4.0.1
      onetime: 5.1.2
      signal-exit: 3.0.7
      strip-final-newline: 2.0.0

  get-stream@6.0.1: {}

  htmlparser2@10.1.0:
    dependencies:
      domelementtype: 2.3.0
      domhandler: 5.0.3
      domutils: 3.2.2
      entities: 7.0.1

  human-signals@2.1.0: {}

  iceberg-js@0.8.1: {}

  iconv-lite@0.6.3:
    dependencies:
      safer-buffer: 2.1.2

  is-buffer@2.0.5: {}

  is-node-process@1.2.0: {}

  is-stream@2.0.1: {}

  isexe@2.0.0: {}

  jose@5.10.0: {}

  merge-stream@2.0.0: {}

  mimic-fn@2.1.0: {}

  nanoid@3.3.19: {}

  next@16.3.2(react-dom@19.2.8(react@19.2.8))(react@19.2.8):
    dependencies:
      '@next/env': 16.3.2
      '@swc/helpers': 0.5.23
      baseline-browser-mapping: 2.11.23
      caniuse-lite: 1.0.30001810
      postcss: 8.5.23
      react: 19.2.8
      react-dom: 19.2.8(react@19.2.8)
      styled-jsx: 5.1.6(react@19.2.8)
    optionalDependencies:
      '@next/swc-darwin-arm64': 16.3.2
      '@next/swc-darwin-x64': 16.3.2
      '@next/swc-linux-arm64-gnu': 16.3.2
      '@next/swc-linux-arm64-musl': 16.3.2
      '@next/swc-linux-x64-gnu': 16.3.2
      '@next/swc-linux-x64-musl': 16.3.2
      '@next/swc-win32-arm64-msvc': 16.3.2
      '@next/swc-win32-x64-msvc': 16.3.2
      sharp: 0.35.4
    transitivePeerDependencies:
      - '@babel/core'
      - '@types/node'
      - babel-plugin-macros

  npm-run-path@4.0.1:
    dependencies:
      path-key: 3.1.1

  nth-check@2.1.1:
    dependencies:
      boolbase: 1.0.0

  onetime@5.1.2:
    dependencies:
      mimic-fn: 2.1.0

  os-paths@4.4.0: {}

  parse5-htmlparser2-tree-adapter@7.1.0:
    dependencies:
      domhandler: 5.0.3
      parse5: 7.3.0

  parse5-parser-stream@7.1.2:
    dependencies:
      parse5: 7.3.0

  parse5@7.3.0:
    dependencies:
      entities: 6.0.1

  path-key@3.1.1: {}

  picocolors@1.1.1: {}

  postcss@8.5.23:
    dependencies:
      nanoid: 3.3.19
      picocolors: 1.1.1
      source-map-js: 1.2.1

  react-dom@19.2.8(react@19.2.8):
    dependencies:
      react: 19.2.8
      scheduler: 0.27.0

  react@19.2.8: {}

  retry@0.13.1: {}

  safer-buffer@2.1.2: {}

  scheduler@0.27.0: {}

  semver@7.8.5:
    optional: true

  sharp@0.35.4:
    dependencies:
      '@img/colour': 1.1.0
      detect-libc: 2.1.2
      semver: 7.8.5
    optionalDependencies:
      '@img/sharp-darwin-arm64': 0.35.4
      '@img/sharp-darwin-x64': 0.35.4
      '@img/sharp-freebsd-wasm32': 0.35.4
      '@img/sharp-libvips-darwin-arm64': 1.3.3
      '@img/sharp-libvips-darwin-x64': 1.3.3
      '@img/sharp-libvips-linux-arm': 1.3.3
      '@img/sharp-libvips-linux-arm64': 1.3.3
      '@img/sharp-libvips-linux-ppc64': 1.3.3
      '@img/sharp-libvips-linux-riscv64': 1.3.3
      '@img/sharp-libvips-linux-s390x': 1.3.3
      '@img/sharp-libvips-linux-x64': 1.3.3
      '@img/sharp-libvips-linuxmusl-arm64': 1.3.3
      '@img/sharp-libvips-linuxmusl-x64': 1.3.3
      '@img/sharp-linux-arm': 0.35.4
      '@img/sharp-linux-arm64': 0.35.4
      '@img/sharp-linux-ppc64': 0.35.4
      '@img/sharp-linux-riscv64': 0.35.4
      '@img/sharp-linux-s390x': 0.35.4
      '@img/sharp-linux-x64': 0.35.4
      '@img/sharp-linuxmusl-arm64': 0.35.4
      '@img/sharp-linuxmusl-x64': 0.35.4
      '@img/sharp-webcontainers-wasm32': 0.35.4
      '@img/sharp-win32-arm64': 0.35.4
      '@img/sharp-win32-ia32': 0.35.4
      '@img/sharp-win32-x64': 0.35.4
    optional: true

  shebang-command@2.0.0:
    dependencies:
      shebang-regex: 3.0.0

  shebang-regex@3.0.0: {}

  signal-exit@3.0.7: {}

  source-map-js@1.2.1: {}

  strip-final-newline@2.0.0: {}

  styled-jsx@5.1.6(react@19.2.8):
    dependencies:
      client-only: 0.0.1
      react: 19.2.8

  throttleit@2.1.0: {}

  tslib@2.8.1: {}

  undici@6.28.1: {}

  undici@7.29.1: {}

  whatwg-encoding@3.1.1:
    dependencies:
      iconv-lite: 0.6.3

  whatwg-mimetype@4.0.0: {}

  which@2.0.2:
    dependencies:
      isexe: 2.0.0

  xdg-app-paths@5.5.1:
    dependencies:
      os-paths: 4.4.0
      xdg-portable: 7.3.0

  xdg-portable@7.3.0:
    dependencies:
      os-paths: 4.4.0

  zod@4.1.11: {}
